PODS:
  - Mars (0.1.0)
  - SnapKit (4.2.0)
  - UserAuth (0.0.1):
    - Mars
    - SnapKit

DEPENDENCIES:
  - Mars (from `submodules/Mars`)
  - UserAuth (from `../`)

SPEC REPOS:
  https://github.com/CocoaPods/Specs.git:
    - SnapKit

EXTERNAL SOURCES:
  Mars:
    :path: submodules/Mars
  UserAuth:
    :path: "../"

SPEC CHECKSUMS:
  Mars: 1113fbfec532d423190ac84abdf911b0b36f9070
  SnapKit: fe8a619752f3f27075cc9a90244d75c6c3f27e2a
  UserAuth: 3f38536cc360fccf2fe9354f83fdb189e7b8d18e

PODFILE CHECKSUM: be0d0cf4e5f3fe1236b76b149846869ffe8c3884

COCOAPODS: 1.9.2
